
Microsoft Visual Studio Solution File, Format Version 12.00
# Visual Studio Version 16
VisualStudioVersion = 16.0.31205.134
MinimumVisualStudioVersion = 10.0.40219.1
Project("{FAE04EC0-301F-11D3-BF4B-00C04F79EFBC}") = "FootballManager.Domain", "src\FootballManager.Domain\FootballManager.Domain.csproj", "{9D81E971-2837-43AA-8EA8-1BE6F856C0A9}"
EndProject
Project("{2150E333-8FDC-42A3-9474-1A3956D46DE8}") = "tests", "tests", "{27A82B2D-E13B-4A28-86D4-A9333C935665}"
EndProject
Project("{2150E333-8FDC-42A3-9474-1A3956D46DE8}") = "src", "src", "{343247F8-E155-49DA-A666-3F0D8826BF81}"
EndProject
Global
	GlobalSection(SolutionConfigurationPlatforms) = preSolution
		Debug|Any CPU = Debug|Any CPU
		Release|Any CPU = Release|Any CPU
	EndGlobalSection
	GlobalSection(ProjectConfigurationPlatforms) = postSolution
		{9D81E971-2837-43AA-8EA8-1BE6F856C0A9}.Debug|Any CPU.ActiveCfg = Debug|Any CPU
		{9D81E971-2837-43AA-8EA8-1BE6F856C0A9}.Debug|Any CPU.Build.0 = Debug|Any CPU
		{9D81E971-2837-43AA-8EA8-1BE6F856C0A9}.Release|Any CPU.ActiveCfg = Release|Any CPU
		{9D81E971-2837-43AA-8EA8-1BE6F856C0A9}.Release|Any CPU.Build.0 = Release|Any CPU
	EndGlobalSection
	GlobalSection(SolutionProperties) = preSolution
		HideSolutionNode = FALSE
	EndGlobalSection
	GlobalSection(NestedProjects) = preSolution
		{9D81E971-2837-43AA-8EA8-1BE6F856C0A9} = {343247F8-E155-49DA-A666-3F0D8826BF81}
	EndGlobalSection
	GlobalSection(ExtensibilityGlobals) = postSolution
		SolutionGuid = {6A516A58-79BF-47FE-9D81-61BE768BAF01}
	EndGlobalSection
EndGlobal
